// !$*UTF8*$!
{
	archiveVersion = 1;
	classes = {
	};
	objectVersion = 46;
	objects = {
/* Begin PBXBuildFile section */
		0207DA581B56EA530066E2B4 /* Images.xcassets in Resources */ = {isa = PBXBuildFile; fileRef = 0207DA571B56EA530066E2B4 /* Images.xcassets */; };
		1D3623260D0F684500981E51 /* AppDelegate.m in Sources */ = {isa = PBXBuildFile; fileRef = 1D3623250D0F684500981E51 /* AppDelegate.m */; };
		1D60589B0D05DD56006BFB54 /* main.m in Sources */ = {isa = PBXBuildFile; fileRef = 29B97316FDCFA39411CA2CEA /* main.m */; };
		301BF552109A68D80062928A /* libCordova.a in Frameworks */ = {isa = PBXBuildFile; fileRef = 301BF535109A57CC0062928A /* libCordova.a */; };
		302D95F114D2391D003F00A1 /* MainViewController.m in Sources */ = {isa = PBXBuildFile; fileRef = 302D95EF14D2391D003F00A1 /* MainViewController.m */; };
		302D95F214D2391D003F00A1 /* MainViewController.xib in Resources */ = {isa = PBXBuildFile; fileRef = 302D95F014D2391D003F00A1 /* MainViewController.xib */; };
		3047A5121AB8059700498E2A /* build-debug.xcconfig in Resources */ = {isa = PBXBuildFile; fileRef = 3047A50F1AB8059700498E2A /* build-debug.xcconfig */; };
		3047A5131AB8059700498E2A /* build-release.xcconfig in Resources */ = {isa = PBXBuildFile; fileRef = 3047A5101AB8059700498E2A /* build-release.xcconfig */; };
		3047A5141AB8059700498E2A /* build.xcconfig in Resources */ = {isa = PBXBuildFile; fileRef = 3047A5111AB8059700498E2A /* build.xcconfig */; };
		6AFF5BF91D6E424B00AB3073 /* CDVLaunchScreen.storyboard in Resources */ = {isa = PBXBuildFile; fileRef = 6AFF5BF81D6E424B00AB3073 /* CDVLaunchScreen.storyboard */; };
		1FD04BCBA4F94B52B25AB84E /* IonicKeyboard.m in Sources */ = {isa = PBXBuildFile; fileRef = 0A6926788E284AC68E7FFEAC /* IonicKeyboard.m */; };
		EFDFA61543BA4E5AB0B57B8E /* CDVLogger.m in Sources */ = {isa = PBXBuildFile; fileRef = 633651142B2645EBB01FD2A7 /* CDVLogger.m */; };
		93D1E8FBC86247E5B4649476 /* CDVStatusBar.m in Sources */ = {isa = PBXBuildFile; fileRef = 3359005F942546A7BB3DFBFE /* CDVStatusBar.m */; };
		D4F38BB488474862A1721466 /* CDVDevice.m in Sources */ = {isa = PBXBuildFile; fileRef = 77497623E7E741CC8B814F96 /* CDVDevice.m */; };
		575EE3949F3C48D59ADCE501 /* CDVSplashScreen.m in Sources */ = {isa = PBXBuildFile; fileRef = 474C36E2652240148F758FCE /* CDVSplashScreen.m */; };
		67C1F150114B40E4A7AC8E1B /* CDVViewController+SplashScreen.m in Sources */ = {isa = PBXBuildFile; fileRef = 7EA59313D9FE47AEA61DD861 /* CDVViewController+SplashScreen.m */; };
		3529CDA71A744CFAA034861B /* NativeStorage.m in Sources */ = {isa = PBXBuildFile; fileRef = 914000F12D044FF89E91B63D /* NativeStorage.m */; };
		5E09EB0D58B84B89860FAEFF /* CDVContactsPhoneNumbers.m in Sources */ = {isa = PBXBuildFile; fileRef = 53522E1773BF4ED381292B02 /* CDVContactsPhoneNumbers.m */; };
		8AAB0F64AF884D10B6EF0D27 /* AddressBook.framework in Frameworks */ = {isa = PBXBuildFile; fileRef = DFDE37FFC7A243BC8E05F24F /* AddressBook.framework */; settings = {ATTRIBUTES = (Weak, ); }; };
		35A556CEE06F4A95BD240E0F /* AddressBookUI.framework in Frameworks */ = {isa = PBXBuildFile; fileRef = AC7E3F273B3E40D995BA27EA /* AddressBookUI.framework */; settings = {ATTRIBUTES = (Weak, ); }; };
		86C3F1FB5EEA4E44A36116A3 /* Sms.m in Sources */ = {isa = PBXBuildFile; fileRef = BAB422A0323F4569A2D5370D /* Sms.m */; };
		1EFA74B5C9E240BCA8843223 /* MessageUI.framework in Frameworks */ = {isa = PBXBuildFile; fileRef = 796A23D4BD744CF4A7EB2153 /* MessageUI.framework */; settings = {ATTRIBUTES = (Weak, ); }; };
		E52B5383F55143A3A3E8600A /* CDVInAppBrowser.m in Sources */ = {isa = PBXBuildFile; fileRef = 1F4D3F06B444442582D54EB5 /* CDVInAppBrowser.m */; };
		D805A85A2D0E4076AA622FC1 /* SQLitePlugin.m in Sources */ = {isa = PBXBuildFile; fileRef = 42400CBD603F4739BA7B3194 /* SQLitePlugin.m */; };
		BFCC9C1ADBEA42E5A037CD06 /* sqlite3.c in Resources */ = {isa = PBXBuildFile; fileRef = E0F9B184365C47D882EEC4D1 /* sqlite3.c */; settings = {COMPILER_FLAGS = "-DSQLITE_THREADSAFE=1 -DSQLITE_DEFAULT_MEMSTATUS=0 -DSQLITE_OMIT_DECLTYPE -DSQLITE_OMIT_DEPRECATED -DSQLITE_OMIT_PROGRESS_CALLBACK -DSQLITE_OMIT_SHARED_CACHE -DSQLITE_TEMP_STORE=2 -DSQLITE_OMIT_LOAD_EXTENSION -DSQLITE_ENABLE_FTS3 -DSQLITE_ENABLE_FTS3_PARENTHESIS -DSQLITE_ENABLE_FTS4 -DSQLITE_ENABLE_RTREE -DSQLITE_DEFAULT_PAGE_SIZE=1024 -DSQLITE_DEFAULT_CACHE_SIZE=2000"; }; };
		658F2DC807A843A6AF048C6C /* CDVFile.m in Sources */ = {isa = PBXBuildFile; fileRef = BD37C05B579F402792944719 /* CDVFile.m */; };
		2F9AD0334C814237B8A130D3 /* CDVLocalFilesystem.m in Sources */ = {isa = PBXBuildFile; fileRef = 46D8DC42286D47528BACCE8D /* CDVLocalFilesystem.m */; };
		115FA2CC9A064E40AED1BF4C /* CDVAssetLibraryFilesystem.m in Sources */ = {isa = PBXBuildFile; fileRef = 6BFACBC75FC548A8A436489B /* CDVAssetLibraryFilesystem.m */; };
		F6B08A7096A7456CBAED6A61 /* CordovaHttpPlugin.m in Sources */ = {isa = PBXBuildFile; fileRef = A60956A2C74D416E9EF8F741 /* CordovaHttpPlugin.m */; };
		339EC5A8DF1B478BAA5F2B5F /* TextResponseSerializer.m in Sources */ = {isa = PBXBuildFile; fileRef = E34CF14FFDE24E58A40EC1C5 /* TextResponseSerializer.m */; };
		11D91CE257ED495786765AD3 /* AFHTTPSessionManager.m in Sources */ = {isa = PBXBuildFile; fileRef = 80BA2FF07F444AB388E008B2 /* AFHTTPSessionManager.m */; };
		97570405765541AEB9DC5EDB /* AFNetworkReachabilityManager.m in Sources */ = {isa = PBXBuildFile; fileRef = D76C6384193E45ED8A72CC15 /* AFNetworkReachabilityManager.m */; };
		F6D617B77D4D45DA89FB3059 /* AFSecurityPolicy.m in Sources */ = {isa = PBXBuildFile; fileRef = 3B76591B977C4CAEA8D8679B /* AFSecurityPolicy.m */; };
		AF934ECC906A463485473FF2 /* AFURLRequestSerialization.m in Sources */ = {isa = PBXBuildFile; fileRef = 74D6142758FD4D398FAF6417 /* AFURLRequestSerialization.m */; };
		6EE171977A7745E2B8F72249 /* AFURLResponseSerialization.m in Sources */ = {isa = PBXBuildFile; fileRef = CC169F83963D4185B8A3A6A1 /* AFURLResponseSerialization.m */; };
		2F040DFAE3EE431A818FF5F7 /* AFURLSessionManager.m in Sources */ = {isa = PBXBuildFile; fileRef = A9CA8A0C095F40088DD1A556 /* AFURLSessionManager.m */; };
		B8A213D08C9C4CFFBB457397 /* Security.framework in Frameworks */ = {isa = PBXBuildFile; fileRef = 5E9566C143E24E8EA8B636D5 /* Security.framework */; };
		543D780312594E3DA7924D03 /* SystemConfiguration.framework in Frameworks */ = {isa = PBXBuildFile; fileRef = 713594C55DA9402DA6597BAB /* SystemConfiguration.framework */; };
		2E94BB9BB17D4621BF94260C /* FacebookConnectPlugin.m in Sources */ = {isa = PBXBuildFile; fileRef = 05A773772F6B4BA29E7ED724 /* FacebookConnectPlugin.m */; };
		FF011FBBB1324D258B2C2AF3 /* Bolts.framework in Frameworks */ = {isa = PBXBuildFile; fileRef = 3FF55426870F4B6AA3D3D050 /* Bolts.framework */; };
		8A428B35773C49D3B6C9B543 /* FBSDKCoreKit.framework in Frameworks */ = {isa = PBXBuildFile; fileRef = 69318DFE73DB4BB49BA3DD56 /* FBSDKCoreKit.framework */; };
		0B5C2BAD36F343CE8690C658 /* FBSDKLoginKit.framework in Frameworks */ = {isa = PBXBuildFile; fileRef = 38373096CAA84F96961B3875 /* FBSDKLoginKit.framework */; };
		5FBA816741464747852096A3 /* FBSDKShareKit.framework in Frameworks */ = {isa = PBXBuildFile; fileRef = 3913BEF2C81E4E5A9B34BDE9 /* FBSDKShareKit.framework */; };
		DDF0CD4F636948B595502431 /* IBGPlugin.m in Sources */ = {isa = PBXBuildFile; fileRef = A79DDDE638B043D3814019D0 /* IBGPlugin.m */; };
		08E7C6398C8449A18A223171 /* Instabug.bundle in Resources */ = {isa = PBXBuildFile; fileRef = B5A597C67791497B9F730B94 /* Instabug.bundle */; };
		AC28AA0E6FCE420CB70E739D /* Instabug.framework in Frameworks */ = {isa = PBXBuildFile; fileRef = 2F6902091A1F4217A0F8E923 /* Instabug.framework */; };
		669C01101DD44E18A57631D7 /* AVFoundation.framework in Frameworks */ = {isa = PBXBuildFile; fileRef = 21E78C01C0F64AD1910F60F9 /* AVFoundation.framework */; };
		2141926D018242AC883BA8F0 /* CoreMotion.framework in Frameworks */ = {isa = PBXBuildFile; fileRef = B878A0F7181D48C7B94B5ADB /* CoreMotion.framework */; };
		BEBFDB63AA234EF1AD1ABBE6 /* CoreTelephony.framework in Frameworks */ = {isa = PBXBuildFile; fileRef = 8EDFCB68BC764C00848AA087 /* CoreTelephony.framework */; };
		859018E681BF4EFBA97113A3 /* UIKit.framework in Frameworks */ = {isa = PBXBuildFile; fileRef = 790E3967DEAA4847B5ABAC43 /* UIKit.framework */; };
/* End PBXBuildFile section */

/* Begin PBXContainerItemProxy section */
		301BF534109A57CC0062928A /* PBXContainerItemProxy */ = {
			isa = PBXContainerItemProxy;
			containerPortal = 301BF52D109A57CC0062928A /* CordovaLib.xcodeproj */;
			proxyType = 2;
			remoteGlobalIDString = D2AAC07E0554694100DB518D;
			remoteInfo = CordovaLib;
		};
		301BF550109A68C00062928A /* PBXContainerItemProxy */ = {
			isa = PBXContainerItemProxy;
			containerPortal = 301BF52D109A57CC0062928A /* CordovaLib.xcodeproj */;
			proxyType = 1;
			remoteGlobalIDString = D2AAC07D0554694100DB518D;
			remoteInfo = CordovaLib;
		};
/* End PBXContainerItemProxy section */

/* Begin PBXFileReference section */
		0207DA571B56EA530066E2B4 /* Images.xcassets */ = {isa = PBXFileReference; lastKnownFileType = folder.assetcatalog; name = Images.xcassets; path = "MyApp/Images.xcassets"; sourceTree = SOURCE_ROOT; };
		1D3623240D0F684500981E51 /* AppDelegate.h */ = {isa = PBXFileReference; fileEncoding = 4; lastKnownFileType = sourcecode.c.h; path = AppDelegate.h; sourceTree = "<group>"; };
		1D3623250D0F684500981E51 /* AppDelegate.m */ = {isa = PBXFileReference; fileEncoding = 4; lastKnownFileType = sourcecode.c.objc; path = AppDelegate.m; sourceTree = "<group>"; };
		1D6058910D05DD3D006BFB54 /* MyApp.app */ = {isa = PBXFileReference; explicitFileType = wrapper.application; includeInIndex = 0; path = "MyApp.app"; sourceTree = BUILT_PRODUCTS_DIR; };
		29B97316FDCFA39411CA2CEA /* main.m */ = {isa = PBXFileReference; fileEncoding = 4; lastKnownFileType = sourcecode.c.objc; path = main.m; sourceTree = "<group>"; };
		301BF52D109A57CC0062928A /* CordovaLib.xcodeproj */ = {isa = PBXFileReference; lastKnownFileType = "wrapper.pb-project"; name = CordovaLib.xcodeproj; path = CordovaLib/CordovaLib.xcodeproj; sourceTree = "<group>"; };
		301BF56E109A69640062928A /* www */ = {isa = PBXFileReference; lastKnownFileType = folder; path = www; sourceTree = SOURCE_ROOT; };
		302D95EE14D2391D003F00A1 /* MainViewController.h */ = {isa = PBXFileReference; fileEncoding = 4; lastKnownFileType = sourcecode.c.h; path = MainViewController.h; sourceTree = "<group>"; };
		302D95EF14D2391D003F00A1 /* MainViewController.m */ = {isa = PBXFileReference; fileEncoding = 4; lastKnownFileType = sourcecode.c.objc; path = MainViewController.m; sourceTree = "<group>"; };
		302D95F014D2391D003F00A1 /* MainViewController.xib */ = {isa = PBXFileReference; fileEncoding = 4; lastKnownFileType = file.xib; path = MainViewController.xib; sourceTree = "<group>"; };
		3047A50F1AB8059700498E2A /* build-debug.xcconfig */ = {isa = PBXFileReference; fileEncoding = 4; lastKnownFileType = text.xcconfig; name = "build-debug.xcconfig"; path = cordova/build-debug.xcconfig; sourceTree = SOURCE_ROOT; };
		3047A5101AB8059700498E2A /* build-release.xcconfig */ = {isa = PBXFileReference; fileEncoding = 4; lastKnownFileType = text.xcconfig; name = "build-release.xcconfig"; path = cordova/build-release.xcconfig; sourceTree = SOURCE_ROOT; };
		3047A5111AB8059700498E2A /* build.xcconfig */ = {isa = PBXFileReference; fileEncoding = 4; lastKnownFileType = text.xcconfig; name = build.xcconfig; path = cordova/build.xcconfig; sourceTree = SOURCE_ROOT; };
		32CA4F630368D1EE00C91783 /* MyApp-Prefix.pch */ = {isa = PBXFileReference; fileEncoding = 4; lastKnownFileType = sourcecode.c.h; path = "MyApp-Prefix.pch"; sourceTree = "<group>"; };
		6AFF5BF81D6E424B00AB3073 /* CDVLaunchScreen.storyboard */ = {isa = PBXFileReference; fileEncoding = 4; lastKnownFileType = file.storyboard; name = CDVLaunchScreen.storyboard; path = "MyApp/CDVLaunchScreen.storyboard"; sourceTree = SOURCE_ROOT; };
		8D1107310486CEB800E47090 /* MyApp-Info.plist */ = {isa = PBXFileReference; fileEncoding = 4; lastKnownFileType = text.plist.xml; name = "MyApp-Info.plist"; path = "MyApp/MyApp-Info.plist"; plistStructureDefinitionIdentifier = "com.apple.xcode.plist.structure-definition.iphone.info-plist"; sourceTree = SOURCE_ROOT; };
		EB87FDF31871DA8E0020F90C /* www */ = {isa = PBXFileReference; lastKnownFileType = folder; name = www; path = ../../www; sourceTree = "<group>"; };
		EB87FDF41871DAF40020F90C /* config.xml */ = {isa = PBXFileReference; lastKnownFileType = text.xml; name = config.xml; path = ../../config.xml; sourceTree = "<group>"; };
		F840E1F0165FE0F500CFE078 /* config.xml */ = {isa = PBXFileReference; lastKnownFileType = text.xml; name = config.xml; path = "MyApp/config.xml"; sourceTree = "<group>"; };
		ED33DF2A687741AEAF9F8254 /* Bridging-Header.h */ = {isa = PBXFileReference; fileEncoding = 4; lastKnownFileType = sourcecode.c.h; name = "Bridging-Header.h"; path = "Bridging-Header.h"; sourceTree = "<group>"; };
		0A6926788E284AC68E7FFEAC /* IonicKeyboard.m */ = {isa = PBXFileReference; name = "IonicKeyboard.m"; path = "ionic-plugin-keyboard/IonicKeyboard.m"; sourceTree = "<group>"; fileEncoding = 4; lastKnownFileType = sourcecode.c.objc; explicitFileType = undefined; includeInIndex = 0; };
		7C19A854E2F440758C4262CE /* IonicKeyboard.h */ = {isa = PBXFileReference; name = "IonicKeyboard.h"; path = "ionic-plugin-keyboard/IonicKeyboard.h"; sourceTree = "<group>"; fileEncoding = 4; lastKnownFileType = sourcecode.c.h; explicitFileType = undefined; includeInIndex = 0; };
		633651142B2645EBB01FD2A7 /* CDVLogger.m */ = {isa = PBXFileReference; name = "CDVLogger.m"; path = "cordova-plugin-console/CDVLogger.m"; sourceTree = "<group>"; fileEncoding = 4; lastKnownFileType = sourcecode.c.objc; explicitFileType = undefined; includeInIndex = 0; };
		D391E011857C4D8FABC8FB4F /* CDVLogger.h */ = {isa = PBXFileReference; name = "CDVLogger.h"; path = "cordova-plugin-console/CDVLogger.h"; sourceTree = "<group>"; fileEncoding = 4; lastKnownFileType = sourcecode.c.h; explicitFileType = undefined; includeInIndex = 0; };
		3359005F942546A7BB3DFBFE /* CDVStatusBar.m */ = {isa = PBXFileReference; name = "CDVStatusBar.m"; path = "cordova-plugin-statusbar/CDVStatusBar.m"; sourceTree = "<group>"; fileEncoding = 4; lastKnownFileType = sourcecode.c.objc; explicitFileType = undefined; includeInIndex = 0; };
		40BC877C6165436CACD7D3FA /* CDVStatusBar.h */ = {isa = PBXFileReference; name = "CDVStatusBar.h"; path = "cordova-plugin-statusbar/CDVStatusBar.h"; sourceTree = "<group>"; fileEncoding = 4; lastKnownFileType = sourcecode.c.h; explicitFileType = undefined; includeInIndex = 0; };
		77497623E7E741CC8B814F96 /* CDVDevice.m */ = {isa = PBXFileReference; name = "CDVDevice.m"; path = "cordova-plugin-device/CDVDevice.m"; sourceTree = "<group>"; fileEncoding = 4; lastKnownFileType = sourcecode.c.objc; explicitFileType = undefined; includeInIndex = 0; };
		46CB856002B04B9CA0CBD04B /* CDVDevice.h */ = {isa = PBXFileReference; name = "CDVDevice.h"; path = "cordova-plugin-device/CDVDevice.h"; sourceTree = "<group>"; fileEncoding = 4; lastKnownFileType = sourcecode.c.h; explicitFileType = undefined; includeInIndex = 0; };
		474C36E2652240148F758FCE /* CDVSplashScreen.m */ = {isa = PBXFileReference; name = "CDVSplashScreen.m"; path = "cordova-plugin-splashscreen/CDVSplashScreen.m"; sourceTree = "<group>"; fileEncoding = 4; lastKnownFileType = sourcecode.c.objc; explicitFileType = undefined; includeInIndex = 0; };
		7EA59313D9FE47AEA61DD861 /* CDVViewController+SplashScreen.m */ = {isa = PBXFileReference; name = "CDVViewController+SplashScreen.m"; path = "cordova-plugin-splashscreen/CDVViewController+SplashScreen.m"; sourceTree = "<group>"; fileEncoding = 4; lastKnownFileType = sourcecode.c.objc; explicitFileType = undefined; includeInIndex = 0; };
		17D8912CCC4A4CE29007FFA4 /* CDVSplashScreen.h */ = {isa = PBXFileReference; name = "CDVSplashScreen.h"; path = "cordova-plugin-splashscreen/CDVSplashScreen.h"; sourceTree = "<group>"; fileEncoding = 4; lastKnownFileType = sourcecode.c.h; explicitFileType = undefined; includeInIndex = 0; };
		9B2A835CEB24477487E4A562 /* CDVViewController+SplashScreen.h */ = {isa = PBXFileReference; name = "CDVViewController+SplashScreen.h"; path = "cordova-plugin-splashscreen/CDVViewController+SplashScreen.h"; sourceTree = "<group>"; fileEncoding = 4; lastKnownFileType = sourcecode.c.h; explicitFileType = undefined; includeInIndex = 0; };
		914000F12D044FF89E91B63D /* NativeStorage.m */ = {isa = PBXFileReference; name = "NativeStorage.m"; path = "cordova-plugin-nativestorage/NativeStorage.m"; sourceTree = "<group>"; fileEncoding = 4; lastKnownFileType = sourcecode.c.objc; explicitFileType = undefined; includeInIndex = 0; };
		C6699C4960D843FBA2088F9A /* NativeStorage.h */ = {isa = PBXFileReference; name = "NativeStorage.h"; path = "cordova-plugin-nativestorage/NativeStorage.h"; sourceTree = "<group>"; fileEncoding = 4; lastKnownFileType = sourcecode.c.h; explicitFileType = undefined; includeInIndex = 0; };
		53522E1773BF4ED381292B02 /* CDVContactsPhoneNumbers.m */ = {isa = PBXFileReference; name = "CDVContactsPhoneNumbers.m"; path = "com.dbaq.cordova.contactsPhoneNumbers/CDVContactsPhoneNumbers.m"; sourceTree = "<group>"; fileEncoding = 4; lastKnownFileType = sourcecode.c.objc; explicitFileType = undefined; includeInIndex = 0; };
		4A39405BD2E644A6B0F97205 /* CDVContactsPhoneNumbers.h */ = {isa = PBXFileReference; name = "CDVContactsPhoneNumbers.h"; path = "com.dbaq.cordova.contactsPhoneNumbers/CDVContactsPhoneNumbers.h"; sourceTree = "<group>"; fileEncoding = 4; lastKnownFileType = sourcecode.c.h; explicitFileType = undefined; includeInIndex = 0; };
		DFDE37FFC7A243BC8E05F24F /* AddressBook.framework */ = {isa = PBXFileReference; name = "AddressBook.framework"; path = "System/Library/Frameworks/AddressBook.framework"; sourceTree = SDKROOT; fileEncoding = undefined; lastKnownFileType = wrapper.framework; explicitFileType = undefined; includeInIndex = 0; };
		AC7E3F273B3E40D995BA27EA /* AddressBookUI.framework */ = {isa = PBXFileReference; name = "AddressBookUI.framework"; path = "System/Library/Frameworks/AddressBookUI.framework"; sourceTree = SDKROOT; fileEncoding = undefined; lastKnownFileType = wrapper.framework; explicitFileType = undefined; includeInIndex = 0; };
		BAB422A0323F4569A2D5370D /* Sms.m */ = {isa = PBXFileReference; name = "Sms.m"; path = "cordova-sms-plugin/Sms.m"; sourceTree = "<group>"; fileEncoding = 4; lastKnownFileType = sourcecode.c.objc; explicitFileType = undefined; includeInIndex = 0; };
		669BAA9DBA2E4257B7AF02E9 /* Sms.h */ = {isa = PBXFileReference; name = "Sms.h"; path = "cordova-sms-plugin/Sms.h"; sourceTree = "<group>"; fileEncoding = 4; lastKnownFileType = sourcecode.c.h; explicitFileType = undefined; includeInIndex = 0; };
		796A23D4BD744CF4A7EB2153 /* MessageUI.framework */ = {isa = PBXFileReference; name = "MessageUI.framework"; path = "System/Library/Frameworks/MessageUI.framework"; sourceTree = SDKROOT; fileEncoding = undefined; lastKnownFileType = wrapper.framework; explicitFileType = undefined; includeInIndex = 0; };
		1F4D3F06B444442582D54EB5 /* CDVInAppBrowser.m */ = {isa = PBXFileReference; name = "CDVInAppBrowser.m"; path = "cordova-plugin-inappbrowser/CDVInAppBrowser.m"; sourceTree = "<group>"; fileEncoding = 4; lastKnownFileType = sourcecode.c.objc; explicitFileType = undefined; includeInIndex = 0; };
		8A69010B856D48AC87D0A5DC /* CDVInAppBrowser.h */ = {isa = PBXFileReference; name = "CDVInAppBrowser.h"; path = "cordova-plugin-inappbrowser/CDVInAppBrowser.h"; sourceTree = "<group>"; fileEncoding = 4; lastKnownFileType = sourcecode.c.h; explicitFileType = undefined; includeInIndex = 0; };
		42400CBD603F4739BA7B3194 /* SQLitePlugin.m */ = {isa = PBXFileReference; name = "SQLitePlugin.m"; path = "cordova-sqlite-storage/SQLitePlugin.m"; sourceTree = "<group>"; fileEncoding = 4; lastKnownFileType = sourcecode.c.objc; explicitFileType = undefined; includeInIndex = 0; };
		E0F9B184365C47D882EEC4D1 /* sqlite3.c */ = {isa = PBXFileReference; name = "sqlite3.c"; path = "cordova-sqlite-storage/sqlite3.c"; sourceTree = "<group>"; fileEncoding = undefined; lastKnownFileType = unknown; explicitFileType = undefined; includeInIndex = 0; };
		CE7425BD982C418CA4FDEBCB /* SQLitePlugin.h */ = {isa = PBXFileReference; name = "SQLitePlugin.h"; path = "cordova-sqlite-storage/SQLitePlugin.h"; sourceTree = "<group>"; fileEncoding = 4; lastKnownFileType = sourcecode.c.h; explicitFileType = undefined; includeInIndex = 0; };
		9044436EBCC046DAB325D99C /* sqlite3.h */ = {isa = PBXFileReference; name = "sqlite3.h"; path = "cordova-sqlite-storage/sqlite3.h"; sourceTree = "<group>"; fileEncoding = 4; lastKnownFileType = sourcecode.c.h; explicitFileType = undefined; includeInIndex = 0; };
		BD37C05B579F402792944719 /* CDVFile.m */ = {isa = PBXFileReference; name = "CDVFile.m"; path = "cordova-plugin-file/CDVFile.m"; sourceTree = "<group>"; fileEncoding = 4; lastKnownFileType = sourcecode.c.objc; explicitFileType = undefined; includeInIndex = 0; };
		46D8DC42286D47528BACCE8D /* CDVLocalFilesystem.m */ = {isa = PBXFileReference; name = "CDVLocalFilesystem.m"; path = "cordova-plugin-file/CDVLocalFilesystem.m"; sourceTree = "<group>"; fileEncoding = 4; lastKnownFileType = sourcecode.c.objc; explicitFileType = undefined; includeInIndex = 0; };
		6BFACBC75FC548A8A436489B /* CDVAssetLibraryFilesystem.m */ = {isa = PBXFileReference; name = "CDVAssetLibraryFilesystem.m"; path = "cordova-plugin-file/CDVAssetLibraryFilesystem.m"; sourceTree = "<group>"; fileEncoding = 4; lastKnownFileType = sourcecode.c.objc; explicitFileType = undefined; includeInIndex = 0; };
		B06CB5EDBF334E33A60381AB /* CDVFile.h */ = {isa = PBXFileReference; name = "CDVFile.h"; path = "cordova-plugin-file/CDVFile.h"; sourceTree = "<group>"; fileEncoding = 4; lastKnownFileType = sourcecode.c.h; explicitFileType = undefined; includeInIndex = 0; };
		345DAA526EE44821BBD6D9A0 /* CDVLocalFilesystem.h */ = {isa = PBXFileReference; name = "CDVLocalFilesystem.h"; path = "cordova-plugin-file/CDVLocalFilesystem.h"; sourceTree = "<group>"; fileEncoding = 4; lastKnownFileType = sourcecode.c.h; explicitFileType = undefined; includeInIndex = 0; };
		180E7801E56347099695C594 /* CDVAssetLibraryFilesystem.h */ = {isa = PBXFileReference; name = "CDVAssetLibraryFilesystem.h"; path = "cordova-plugin-file/CDVAssetLibraryFilesystem.h"; sourceTree = "<group>"; fileEncoding = 4; lastKnownFileType = sourcecode.c.h; explicitFileType = undefined; includeInIndex = 0; };
		A60956A2C74D416E9EF8F741 /* CordovaHttpPlugin.m */ = {isa = PBXFileReference; name = "CordovaHttpPlugin.m"; path = "cordova-plugin-http/CordovaHttpPlugin.m"; sourceTree = "<group>"; fileEncoding = 4; lastKnownFileType = sourcecode.c.objc; explicitFileType = undefined; includeInIndex = 0; };
		E34CF14FFDE24E58A40EC1C5 /* TextResponseSerializer.m */ = {isa = PBXFileReference; name = "TextResponseSerializer.m"; path = "cordova-plugin-http/TextResponseSerializer.m"; sourceTree = "<group>"; fileEncoding = 4; lastKnownFileType = sourcecode.c.objc; explicitFileType = undefined; includeInIndex = 0; };
		80BA2FF07F444AB388E008B2 /* AFHTTPSessionManager.m */ = {isa = PBXFileReference; name = "AFHTTPSessionManager.m"; path = "cordova-plugin-http/AFHTTPSessionManager.m"; sourceTree = "<group>"; fileEncoding = 4; lastKnownFileType = sourcecode.c.objc; explicitFileType = undefined; includeInIndex = 0; };
		D76C6384193E45ED8A72CC15 /* AFNetworkReachabilityManager.m */ = {isa = PBXFileReference; name = "AFNetworkReachabilityManager.m"; path = "cordova-plugin-http/AFNetworkReachabilityManager.m"; sourceTree = "<group>"; fileEncoding = 4; lastKnownFileType = sourcecode.c.objc; explicitFileType = undefined; includeInIndex = 0; };
		3B76591B977C4CAEA8D8679B /* AFSecurityPolicy.m */ = {isa = PBXFileReference; name = "AFSecurityPolicy.m"; path = "cordova-plugin-http/AFSecurityPolicy.m"; sourceTree = "<group>"; fileEncoding = 4; lastKnownFileType = sourcecode.c.objc; explicitFileType = undefined; includeInIndex = 0; };
		74D6142758FD4D398FAF6417 /* AFURLRequestSerialization.m */ = {isa = PBXFileReference; name = "AFURLRequestSerialization.m"; path = "cordova-plugin-http/AFURLRequestSerialization.m"; sourceTree = "<group>"; fileEncoding = 4; lastKnownFileType = sourcecode.c.objc; explicitFileType = undefined; includeInIndex = 0; };
		CC169F83963D4185B8A3A6A1 /* AFURLResponseSerialization.m */ = {isa = PBXFileReference; name = "AFURLResponseSerialization.m"; path = "cordova-plugin-http/AFURLResponseSerialization.m"; sourceTree = "<group>"; fileEncoding = 4; lastKnownFileType = sourcecode.c.objc; explicitFileType = undefined; includeInIndex = 0; };
		A9CA8A0C095F40088DD1A556 /* AFURLSessionManager.m */ = {isa = PBXFileReference; name = "AFURLSessionManager.m"; path = "cordova-plugin-http/AFURLSessionManager.m"; sourceTree = "<group>"; fileEncoding = 4; lastKnownFileType = sourcecode.c.objc; explicitFileType = undefined; includeInIndex = 0; };
		63B2FEFCB390491FB1927103 /* CordovaHttpPlugin.h */ = {isa = PBXFileReference; name = "CordovaHttpPlugin.h"; path = "cordova-plugin-http/CordovaHttpPlugin.h"; sourceTree = "<group>"; fileEncoding = 4; lastKnownFileType = sourcecode.c.h; explicitFileType = undefined; includeInIndex = 0; };
		9A62860C51BE472DB79CBB7C /* TextResponseSerializer.h */ = {isa = PBXFileReference; name = "TextResponseSerializer.h"; path = "cordova-plugin-http/TextResponseSerializer.h"; sourceTree = "<group>"; fileEncoding = 4; lastKnownFileType = sourcecode.c.h; explicitFileType = undefined; includeInIndex = 0; };
		D5B02253299F49F4AB070652 /* AFHTTPSessionManager.h */ = {isa = PBXFileReference; name = "AFHTTPSessionManager.h"; path = "cordova-plugin-http/AFHTTPSessionManager.h"; sourceTree = "<group>"; fileEncoding = 4; lastKnownFileType = sourcecode.c.h; explicitFileType = undefined; includeInIndex = 0; };
		2236F816A2DF4DC88F5A7727 /* AFNetworking.h */ = {isa = PBXFileReference; name = "AFNetworking.h"; path = "cordova-plugin-http/AFNetworking.h"; sourceTree = "<group>"; fileEncoding = 4; lastKnownFileType = sourcecode.c.h; explicitFileType = undefined; includeInIndex = 0; };
		5E471D7627574BB79A6DB389 /* AFNetworkReachabilityManager.h */ = {isa = PBXFileReference; name = "AFNetworkReachabilityManager.h"; path = "cordova-plugin-http/AFNetworkReachabilityManager.h"; sourceTree = "<group>"; fileEncoding = 4; lastKnownFileType = sourcecode.c.h; explicitFileType = undefined; includeInIndex = 0; };
		92A8A94B731D48149979C67A /* AFSecurityPolicy.h */ = {isa = PBXFileReference; name = "AFSecurityPolicy.h"; path = "cordova-plugin-http/AFSecurityPolicy.h"; sourceTree = "<group>"; fileEncoding = 4; lastKnownFileType = sourcecode.c.h; explicitFileType = undefined; includeInIndex = 0; };
		C164C6F3311C41208ADE743E /* AFURLRequestSerialization.h */ = {isa = PBXFileReference; name = "AFURLRequestSerialization.h"; path = "cordova-plugin-http/AFURLRequestSerialization.h"; sourceTree = "<group>"; fileEncoding = 4; lastKnownFileType = sourcecode.c.h; explicitFileType = undefined; includeInIndex = 0; };
		C555AFD3559A4F5F8333AA9B /* AFURLResponseSerialization.h */ = {isa = PBXFileReference; name = "AFURLResponseSerialization.h"; path = "cordova-plugin-http/AFURLResponseSerialization.h"; sourceTree = "<group>"; fileEncoding = 4; lastKnownFileType = sourcecode.c.h; explicitFileType = undefined; includeInIndex = 0; };
		11073E9460F3453E8862EA5B /* AFURLSessionManager.h */ = {isa = PBXFileReference; name = "AFURLSessionManager.h"; path = "cordova-plugin-http/AFURLSessionManager.h"; sourceTree = "<group>"; fileEncoding = 4; lastKnownFileType = sourcecode.c.h; explicitFileType = undefined; includeInIndex = 0; };
		5E9566C143E24E8EA8B636D5 /* Security.framework */ = {isa = PBXFileReference; name = "Security.framework"; path = "System/Library/Frameworks/Security.framework"; sourceTree = SDKROOT; fileEncoding = undefined; lastKnownFileType = wrapper.framework; explicitFileType = undefined; includeInIndex = 0; };
		713594C55DA9402DA6597BAB /* SystemConfiguration.framework */ = {isa = PBXFileReference; name = "SystemConfiguration.framework"; path = "System/Library/Frameworks/SystemConfiguration.framework"; sourceTree = SDKROOT; fileEncoding = undefined; lastKnownFileType = wrapper.framework; explicitFileType = undefined; includeInIndex = 0; };
		05A773772F6B4BA29E7ED724 /* FacebookConnectPlugin.m */ = {isa = PBXFileReference; name = "FacebookConnectPlugin.m"; path = "cordova-plugin-facebook4/FacebookConnectPlugin.m"; sourceTree = "<group>"; fileEncoding = 4; lastKnownFileType = sourcecode.c.objc; explicitFileType = undefined; includeInIndex = 0; };
		4D7C3D1A8B464B4D8DFEE425 /* FacebookConnectPlugin.h */ = {isa = PBXFileReference; name = "FacebookConnectPlugin.h"; path = "cordova-plugin-facebook4/FacebookConnectPlugin.h"; sourceTree = "<group>"; fileEncoding = 4; lastKnownFileType = sourcecode.c.h; explicitFileType = undefined; includeInIndex = 0; };
		3FF55426870F4B6AA3D3D050 /* Bolts.framework */ = {isa = PBXFileReference; name = "Bolts.framework"; path = "MyApp/Plugins/cordova-plugin-facebook4/Bolts.framework"; sourceTree = "<group>"; fileEncoding = undefined; lastKnownFileType = wrapper.framework; explicitFileType = undefined; includeInIndex = 0; };
		69318DFE73DB4BB49BA3DD56 /* FBSDKCoreKit.framework */ = {isa = PBXFileReference; name = "FBSDKCoreKit.framework"; path = "MyApp/Plugins/cordova-plugin-facebook4/FBSDKCoreKit.framework"; sourceTree = "<group>"; fileEncoding = undefined; lastKnownFileType = wrapper.framework; explicitFileType = undefined; includeInIndex = 0; };
		38373096CAA84F96961B3875 /* FBSDKLoginKit.framework */ = {isa = PBXFileReference; name = "FBSDKLoginKit.framework"; path = "MyApp/Plugins/cordova-plugin-facebook4/FBSDKLoginKit.framework"; sourceTree = "<group>"; fileEncoding = undefined; lastKnownFileType = wrapper.framework; explicitFileType = undefined; includeInIndex = 0; };
		3913BEF2C81E4E5A9B34BDE9 /* FBSDKShareKit.framework */ = {isa = PBXFileReference; name = "FBSDKShareKit.framework"; path = "MyApp/Plugins/cordova-plugin-facebook4/FBSDKShareKit.framework"; sourceTree = "<group>"; fileEncoding = undefined; lastKnownFileType = wrapper.framework; explicitFileType = undefined; includeInIndex = 0; };
		A79DDDE638B043D3814019D0 /* IBGPlugin.m */ = {isa = PBXFileReference; name = "IBGPlugin.m"; path = "com.instabug.cordova.plugin/IBGPlugin.m"; sourceTree = "<group>"; fileEncoding = 4; lastKnownFileType = sourcecode.c.objc; explicitFileType = undefined; includeInIndex = 0; };
		FECF1E5899644C4F97D1E734 /* IBGPlugin.h */ = {isa = PBXFileReference; name = "IBGPlugin.h"; path = "com.instabug.cordova.plugin/IBGPlugin.h"; sourceTree = "<group>"; fileEncoding = 4; lastKnownFileType = sourcecode.c.h; explicitFileType = undefined; includeInIndex = 0; };
		B5A597C67791497B9F730B94 /* Instabug.bundle */ = {isa = PBXFileReference; name = "Instabug.bundle"; path = "Instabug.bundle"; sourceTree = "<group>"; fileEncoding = undefined; lastKnownFileType = wrapper.plug-in; explicitFileType = undefined; includeInIndex = 0; };
		2F6902091A1F4217A0F8E923 /* Instabug.framework */ = {isa = PBXFileReference; name = "Instabug.framework"; path = "MyApp/Plugins/com.instabug.cordova.plugin/Instabug.framework"; sourceTree = "<group>"; fileEncoding = undefined; lastKnownFileType = wrapper.framework; explicitFileType = undefined; includeInIndex = 0; };
		21E78C01C0F64AD1910F60F9 /* AVFoundation.framework */ = {isa = PBXFileReference; name = "AVFoundation.framework"; path = "System/Library/Frameworks/AVFoundation.framework"; sourceTree = SDKROOT; fileEncoding = undefined; lastKnownFileType = wrapper.framework; explicitFileType = undefined; includeInIndex = 0; };
		B878A0F7181D48C7B94B5ADB /* CoreMotion.framework */ = {isa = PBXFileReference; name = "CoreMotion.framework"; path = "System/Library/Frameworks/CoreMotion.framework"; sourceTree = SDKROOT; fileEncoding = undefined; lastKnownFileType = wrapper.framework; explicitFileType = undefined; includeInIndex = 0; };
		8EDFCB68BC764C00848AA087 /* CoreTelephony.framework */ = {isa = PBXFileReference; name = "CoreTelephony.framework"; path = "System/Library/Frameworks/CoreTelephony.framework"; sourceTree = SDKROOT; fileEncoding = undefined; lastKnownFileType = wrapper.framework; explicitFileType = undefined; includeInIndex = 0; };
		790E3967DEAA4847B5ABAC43 /* UIKit.framework */ = {isa = PBXFileReference; name = "UIKit.framework"; path = "System/Library/Frameworks/UIKit.framework"; sourceTree = SDKROOT; fileEncoding = undefined; lastKnownFileType = wrapper.framework; explicitFileType = undefined; includeInIndex = 0; };
/* End PBXFileReference section */

/* Begin PBXFrameworksBuildPhase section */
		1D60588F0D05DD3D006BFB54 /* Frameworks */ = {
			isa = PBXFrameworksBuildPhase;
			buildActionMask = 2147483647;
			files = (
				301BF552109A68D80062928A /* libCordova.a in Frameworks */,
				8AAB0F64AF884D10B6EF0D27 /* AddressBook.framework in Frameworks */,
				35A556CEE06F4A95BD240E0F /* AddressBookUI.framework in Frameworks */,
				1EFA74B5C9E240BCA8843223 /* MessageUI.framework in Frameworks */,
				B8A213D08C9C4CFFBB457397 /* Security.framework in Frameworks */,
				543D780312594E3DA7924D03 /* SystemConfiguration.framework in Frameworks */,
				FF011FBBB1324D258B2C2AF3 /* Bolts.framework in Frameworks */,
				8A428B35773C49D3B6C9B543 /* FBSDKCoreKit.framework in Frameworks */,
				0B5C2BAD36F343CE8690C658 /* FBSDKLoginKit.framework in Frameworks */,
				5FBA816741464747852096A3 /* FBSDKShareKit.framework in Frameworks */,
				AC28AA0E6FCE420CB70E739D /* Instabug.framework in Frameworks */,
				669C01101DD44E18A57631D7 /* AVFoundation.framework in Frameworks */,
				2141926D018242AC883BA8F0 /* CoreMotion.framework in Frameworks */,
				BEBFDB63AA234EF1AD1ABBE6 /* CoreTelephony.framework in Frameworks */,
				859018E681BF4EFBA97113A3 /* UIKit.framework in Frameworks */,
			);
			runOnlyForDeploymentPostprocessing = 0;
		};
/* End PBXFrameworksBuildPhase section */

/* Begin PBXGroup section */
		080E96DDFE201D6D7F000001 /* Classes */ = {
			isa = PBXGroup;
			children = (
				302D95EE14D2391D003F00A1 /* MainViewController.h */,
				302D95EF14D2391D003F00A1 /* MainViewController.m */,
				302D95F014D2391D003F00A1 /* MainViewController.xib */,
				1D3623240D0F684500981E51 /* AppDelegate.h */,
				1D3623250D0F684500981E51 /* AppDelegate.m */,
			);
			name = Classes;
			path = "MyApp/Classes";
			sourceTree = SOURCE_ROOT;
		};
		19C28FACFE9D520D11CA2CBB /* Products */ = {
			isa = PBXGroup;
			children = (
				1D6058910D05DD3D006BFB54 /* MyApp.app */,
			);
			name = Products;
			sourceTree = "<group>";
		};
		29B97314FDCFA39411CA2CEA /* CustomTemplate */ = {
			isa = PBXGroup;
			children = (
				EB87FDF41871DAF40020F90C /* config.xml */,
				EB87FDF31871DA8E0020F90C /* www */,
				EB87FDF11871DA420020F90C /* Staging */,
				301BF52D109A57CC0062928A /* CordovaLib.xcodeproj */,
				080E96DDFE201D6D7F000001 /* Classes */,
				307C750510C5A3420062BCA9 /* Plugins */,
				29B97315FDCFA39411CA2CEA /* Other Sources */,
				29B97317FDCFA39411CA2CEA /* Resources */,
				29B97323FDCFA39411CA2CEA /* Frameworks */,
				19C28FACFE9D520D11CA2CBB /* Products */,
			);
			name = CustomTemplate;
			sourceTree = "<group>";
		};
		29B97315FDCFA39411CA2CEA /* Other Sources */ = {
			isa = PBXGroup;
			children = (
				32CA4F630368D1EE00C91783 /* MyApp-Prefix.pch */,
				29B97316FDCFA39411CA2CEA /* main.m */,
				ED33DF2A687741AEAF9F8254 /* Bridging-Header.h */,
			);
			name = "Other Sources";
			path = "MyApp";
			sourceTree = "<group>";
		};
		29B97317FDCFA39411CA2CEA /* Resources */ = {
			isa = PBXGroup;
			children = (
				0207DA571B56EA530066E2B4 /* Images.xcassets */,
				3047A50E1AB8057F00498E2A /* config */,
				8D1107310486CEB800E47090 /* MyApp-Info.plist */,
				6AFF5BF81D6E424B00AB3073 /* CDVLaunchScreen.storyboard */,
				B5A597C67791497B9F730B94 /* Instabug.bundle */,
			);
			name = Resources;
			path = "MyApp/Resources";
			sourceTree = "<group>";
		};
		29B97323FDCFA39411CA2CEA /* Frameworks */ = {
			isa = PBXGroup;
			children = (
				DFDE37FFC7A243BC8E05F24F /* AddressBook.framework */,
				AC7E3F273B3E40D995BA27EA /* AddressBookUI.framework */,
				796A23D4BD744CF4A7EB2153 /* MessageUI.framework */,
				5E9566C143E24E8EA8B636D5 /* Security.framework */,
				713594C55DA9402DA6597BAB /* SystemConfiguration.framework */,
				3FF55426870F4B6AA3D3D050 /* Bolts.framework */,
				69318DFE73DB4BB49BA3DD56 /* FBSDKCoreKit.framework */,
				38373096CAA84F96961B3875 /* FBSDKLoginKit.framework */,
				3913BEF2C81E4E5A9B34BDE9 /* FBSDKShareKit.framework */,
				2F6902091A1F4217A0F8E923 /* Instabug.framework */,
				21E78C01C0F64AD1910F60F9 /* AVFoundation.framework */,
				B878A0F7181D48C7B94B5ADB /* CoreMotion.framework */,
				8EDFCB68BC764C00848AA087 /* CoreTelephony.framework */,
				790E3967DEAA4847B5ABAC43 /* UIKit.framework */,
			);
			name = Frameworks;
			sourceTree = "<group>";
		};
		301BF52E109A57CC0062928A /* Products */ = {
			isa = PBXGroup;
			children = (
				301BF535109A57CC0062928A /* libCordova.a */,
			);
			name = Products;
			sourceTree = "<group>";
		};
		3047A50E1AB8057F00498E2A /* config */ = {
			isa = PBXGroup;
			children = (
				3047A50F1AB8059700498E2A /* build-debug.xcconfig */,
				3047A5101AB8059700498E2A /* build-release.xcconfig */,
				3047A5111AB8059700498E2A /* build.xcconfig */,
			);
			name = config;
			sourceTree = "<group>";
		};
		307C750510C5A3420062BCA9 /* Plugins */ = {
			isa = PBXGroup;
			children = (
				0A6926788E284AC68E7FFEAC /* IonicKeyboard.m */,
				7C19A854E2F440758C4262CE /* IonicKeyboard.h */,
				633651142B2645EBB01FD2A7 /* CDVLogger.m */,
				D391E011857C4D8FABC8FB4F /* CDVLogger.h */,
				3359005F942546A7BB3DFBFE /* CDVStatusBar.m */,
				40BC877C6165436CACD7D3FA /* CDVStatusBar.h */,
				77497623E7E741CC8B814F96 /* CDVDevice.m */,
				46CB856002B04B9CA0CBD04B /* CDVDevice.h */,
				474C36E2652240148F758FCE /* CDVSplashScreen.m */,
				7EA59313D9FE47AEA61DD861 /* CDVViewController+SplashScreen.m */,
				17D8912CCC4A4CE29007FFA4 /* CDVSplashScreen.h */,
				9B2A835CEB24477487E4A562 /* CDVViewController+SplashScreen.h */,
				914000F12D044FF89E91B63D /* NativeStorage.m */,
				C6699C4960D843FBA2088F9A /* NativeStorage.h */,
				53522E1773BF4ED381292B02 /* CDVContactsPhoneNumbers.m */,
				4A39405BD2E644A6B0F97205 /* CDVContactsPhoneNumbers.h */,
				BAB422A0323F4569A2D5370D /* Sms.m */,
				669BAA9DBA2E4257B7AF02E9 /* Sms.h */,
				1F4D3F06B444442582D54EB5 /* CDVInAppBrowser.m */,
				8A69010B856D48AC87D0A5DC /* CDVInAppBrowser.h */,
				42400CBD603F4739BA7B3194 /* SQLitePlugin.m */,
				E0F9B184365C47D882EEC4D1 /* sqlite3.c */,
				CE7425BD982C418CA4FDEBCB /* SQLitePlugin.h */,
				9044436EBCC046DAB325D99C /* sqlite3.h */,
				BD37C05B579F402792944719 /* CDVFile.m */,
				46D8DC42286D47528BACCE8D /* CDVLocalFilesystem.m */,
				6BFACBC75FC548A8A436489B /* CDVAssetLibraryFilesystem.m */,
				B06CB5EDBF334E33A60381AB /* CDVFile.h */,
				345DAA526EE44821BBD6D9A0 /* CDVLocalFilesystem.h */,
				180E7801E56347099695C594 /* CDVAssetLibraryFilesystem.h */,
				A60956A2C74D416E9EF8F741 /* CordovaHttpPlugin.m */,
				E34CF14FFDE24E58A40EC1C5 /* TextResponseSerializer.m */,
				80BA2FF07F444AB388E008B2 /* AFHTTPSessionManager.m */,
				D76C6384193E45ED8A72CC15 /* AFNetworkReachabilityManager.m */,
				3B76591B977C4CAEA8D8679B /* AFSecurityPolicy.m */,
				74D6142758FD4D398FAF6417 /* AFURLRequestSerialization.m */,
				CC169F83963D4185B8A3A6A1 /* AFURLResponseSerialization.m */,
				A9CA8A0C095F40088DD1A556 /* AFURLSessionManager.m */,
				63B2FEFCB390491FB1927103 /* CordovaHttpPlugin.h */,
				9A62860C51BE472DB79CBB7C /* TextResponseSerializer.h */,
				D5B02253299F49F4AB070652 /* AFHTTPSessionManager.h */,
				2236F816A2DF4DC88F5A7727 /* AFNetworking.h */,
				5E471D7627574BB79A6DB389 /* AFNetworkReachabilityManager.h */,
				92A8A94B731D48149979C67A /* AFSecurityPolicy.h */,
				C164C6F3311C41208ADE743E /* AFURLRequestSerialization.h */,
				C555AFD3559A4F5F8333AA9B /* AFURLResponseSerialization.h */,
				11073E9460F3453E8862EA5B /* AFURLSessionManager.h */,
				05A773772F6B4BA29E7ED724 /* FacebookConnectPlugin.m */,
				4D7C3D1A8B464B4D8DFEE425 /* FacebookConnectPlugin.h */,
				A79DDDE638B043D3814019D0 /* IBGPlugin.m */,
				FECF1E5899644C4F97D1E734 /* IBGPlugin.h */,
			);
			name = Plugins;
			path = "MyApp/Plugins";
			sourceTree = SOURCE_ROOT;
		};
		EB87FDF11871DA420020F90C /* Staging */ = {
			isa = PBXGroup;
			children = (
				F840E1F0165FE0F500CFE078 /* config.xml */,
				301BF56E109A69640062928A /* www */,
			);
			name = Staging;
			sourceTree = "<group>";
		};
/* End PBXGroup section */

/* Begin PBXNativeTarget section */
		1D6058900D05DD3D006BFB54 /* MyApp */ = {
			isa = PBXNativeTarget;
			buildConfigurationList = 1D6058960D05DD3E006BFB54 /* Build configuration list for PBXNativeTarget "MyApp" */;
			buildPhases = (
				304B58A110DAC018002A0835 /* Copy www directory */,
				1D60588D0D05DD3D006BFB54 /* Resources */,
				1D60588E0D05DD3D006BFB54 /* Sources */,
				1D60588F0D05DD3D006BFB54 /* Frameworks */,
			);
			buildRules = (
			);
			dependencies = (
				301BF551109A68C00062928A /* PBXTargetDependency */,
			);
			name = "MyApp";
			productName = "MyApp";
			productReference = 1D6058910D05DD3D006BFB54 /* MyApp.app */;
			productType = "com.apple.product-type.application";
		};
/* End PBXNativeTarget section */

/* Begin PBXProject section */
		29B97313FDCFA39411CA2CEA /* Project object */ = {
			isa = PBXProject;
			attributes = {
				LastUpgradeCheck = 510;
			};
			buildConfigurationList = C01FCF4E08A954540054247B /* Build configuration list for PBXProject "__NON-CLI__" */;
			compatibilityVersion = "Xcode 3.2";
			developmentRegion = English;
			hasScannedForEncodings = 1;
			mainGroup = 29B97314FDCFA39411CA2CEA /* CustomTemplate */;
			projectDirPath = "";
			projectReferences = (
				{
					ProductGroup = 301BF52E109A57CC0062928A /* Products */;
					ProjectRef = 301BF52D109A57CC0062928A /* CordovaLib.xcodeproj */;
				},
			);
			projectRoot = "";
			targets = (
				1D6058900D05DD3D006BFB54 /* MyApp */,
			);
		};
/* End PBXProject section */

/* Begin PBXReferenceProxy section */
		301BF535109A57CC0062928A /* libCordova.a */ = {
			isa = PBXReferenceProxy;
			fileType = archive.ar;
			path = libCordova.a;
			remoteRef = 301BF534109A57CC0062928A /* PBXContainerItemProxy */;
			sourceTree = BUILT_PRODUCTS_DIR;
		};
/* End PBXReferenceProxy section */

/* Begin PBXResourcesBuildPhase section */
		1D60588D0D05DD3D006BFB54 /* Resources */ = {
			isa = PBXResourcesBuildPhase;
			buildActionMask = 2147483647;
			files = (
				302D95F214D2391D003F00A1 /* MainViewController.xib in Resources */,
				0207DA581B56EA530066E2B4 /* Images.xcassets in Resources */,
				6AFF5BF91D6E424B00AB3073 /* CDVLaunchScreen.storyboard in Resources */,
				08E7C6398C8449A18A223171 /* Instabug.bundle in Resources */,
			);
			runOnlyForDeploymentPostprocessing = 0;
		};
/* End PBXResourcesBuildPhase section */

/* Begin PBXShellScriptBuildPhase section */
		304B58A110DAC018002A0835 /* Copy www directory */ = {
			isa = PBXShellScriptBuildPhase;
			buildActionMask = 2147483647;
			files = (
			);
			inputPaths = (
			);
			name = "Copy www directory";
			outputPaths = (
			);
			runOnlyForDeploymentPostprocessing = 0;
			shellPath = /bin/sh;
			shellScript = "NODEJS_PATH=/usr/local/bin; NVM_NODE_PATH=~/.nvm/versions/node/`nvm version 2>/dev/null`/bin; N_NODE_PATH=`find /usr/local/n/versions/node/* -maxdepth 0 -type d 2>/dev/null | tail -1`/bin; XCODE_NODE_PATH=`xcode-select --print-path`/usr/share/xcs/Node/bin; PATH=$NODEJS_PATH:$NVM_NODE_PATH:$N_NODE_PATH:$XCODE_NODE_PATH:$PATH && node cordova/lib/copy-www-build-step.js";
			showEnvVarsInLog = 0;
		};
/* End PBXShellScriptBuildPhase section */

/* Begin PBXSourcesBuildPhase section */
		1D60588E0D05DD3D006BFB54 /* Sources */ = {
			isa = PBXSourcesBuildPhase;
			buildActionMask = 2147483647;
			files = (
				1D60589B0D05DD56006BFB54 /* main.m in Sources */,
				1D3623260D0F684500981E51 /* AppDelegate.m in Sources */,
				302D95F114D2391D003F00A1 /* MainViewController.m in Sources */,
				1FD04BCBA4F94B52B25AB84E /* IonicKeyboard.m in Sources */,
				EFDFA61543BA4E5AB0B57B8E /* CDVLogger.m in Sources */,
				93D1E8FBC86247E5B4649476 /* CDVStatusBar.m in Sources */,
				D4F38BB488474862A1721466 /* CDVDevice.m in Sources */,
				575EE3949F3C48D59ADCE501 /* CDVSplashScreen.m in Sources */,
				67C1F150114B40E4A7AC8E1B /* CDVViewController+SplashScreen.m in Sources */,
				3529CDA71A744CFAA034861B /* NativeStorage.m in Sources */,
				5E09EB0D58B84B89860FAEFF /* CDVContactsPhoneNumbers.m in Sources */,
				86C3F1FB5EEA4E44A36116A3 /* Sms.m in Sources */,
				E52B5383F55143A3A3E8600A /* CDVInAppBrowser.m in Sources */,
				D805A85A2D0E4076AA622FC1 /* SQLitePlugin.m in Sources */,
				BFCC9C1ADBEA42E5A037CD06 /* sqlite3.c in Resources */,
				658F2DC807A843A6AF048C6C /* CDVFile.m in Sources */,
				2F9AD0334C814237B8A130D3 /* CDVLocalFilesystem.m in Sources */,
				115FA2CC9A064E40AED1BF4C /* CDVAssetLibraryFilesystem.m in Sources */,
				F6B08A7096A7456CBAED6A61 /* CordovaHttpPlugin.m in Sources */,
				339EC5A8DF1B478BAA5F2B5F /* TextResponseSerializer.m in Sources */,
				11D91CE257ED495786765AD3 /* AFHTTPSessionManager.m in Sources */,
				97570405765541AEB9DC5EDB /* AFNetworkReachabilityManager.m in Sources */,
				F6D617B77D4D45DA89FB3059 /* AFSecurityPolicy.m in Sources */,
				AF934ECC906A463485473FF2 /* AFURLRequestSerialization.m in Sources */,
				6EE171977A7745E2B8F72249 /* AFURLResponseSerialization.m in Sources */,
				2F040DFAE3EE431A818FF5F7 /* AFURLSessionManager.m in Sources */,
				2E94BB9BB17D4621BF94260C /* FacebookConnectPlugin.m in Sources */,
				DDF0CD4F636948B595502431 /* IBGPlugin.m in Sources */,
			);
			runOnlyForDeploymentPostprocessing = 0;
		};
/* End PBXSourcesBuildPhase section */

/* Begin PBXTargetDependency section */
		301BF551109A68C00062928A /* PBXTargetDependency */ = {
			isa = PBXTargetDependency;
			name = CordovaLib;
			targetProxy = 301BF550109A68C00062928A /* PBXContainerItemProxy */;
		};
/* End PBXTargetDependency section */

/* Begin XCBuildConfiguration section */
		1D6058940D05DD3E006BFB54 /* Debug */ = {
			isa = XCBuildConfiguration;
			baseConfigurationReference = 3047A50F1AB8059700498E2A /* build-debug.xcconfig */;
			buildSettings = {
				ALWAYS_SEARCH_USER_PATHS = NO;
				ASSETCATALOG_COMPILER_APPICON_NAME = AppIcon;
				ASSETCATALOG_COMPILER_LAUNCHIMAGE_NAME = LaunchImage;
				CLANG_ENABLE_MODULES = YES;
				CLANG_ENABLE_OBJC_ARC = YES;
				COPY_PHASE_STRIP = NO;
				GCC_DYNAMIC_NO_PIC = NO;
				GCC_OPTIMIZATION_LEVEL = 0;
				GCC_PRECOMPILE_PREFIX_HEADER = YES;
				GCC_PREFIX_HEADER = "MyApp/MyApp-Prefix.pch";
				GCC_THUMB_SUPPORT = NO;
				GCC_VERSION = "";
				INFOPLIST_FILE = "MyApp/MyApp-Info.plist";
				IPHONEOS_DEPLOYMENT_TARGET = 8.0;
				LD_RUNPATH_SEARCH_PATHS = "@executable_path/Frameworks";
				TARGETED_DEVICE_FAMILY = "1,2";
				PRODUCT_NAME = "MyApp";
				FRAMEWORK_SEARCH_PATHS = (
					"$(inherited)",
					"\"MyApp/Plugins/cordova-plugin-facebook4\"",
					"\"MyApp/Plugins/cordova-plugin-facebook4\"",
					"\"MyApp/Plugins/cordova-plugin-facebook4\"",
					"\"MyApp/Plugins/cordova-plugin-facebook4\"",
					"\"MyApp/Plugins/com.instabug.cordova.plugin\"",
				);
			};
			name = Debug;
		};
		1D6058950D05DD3E006BFB54 /* Release */ = {
			isa = XCBuildConfiguration;
			baseConfigurationReference = 3047A5101AB8059700498E2A /* build-release.xcconfig */;
			buildSettings = {
				ALWAYS_SEARCH_USER_PATHS = NO;
				ASSETCATALOG_COMPILER_APPICON_NAME = AppIcon;
				ASSETCATALOG_COMPILER_LAUNCHIMAGE_NAME = LaunchImage;
				CLANG_ENABLE_MODULES = YES;
				CLANG_ENABLE_OBJC_ARC = YES;
				COPY_PHASE_STRIP = YES;
				GCC_PRECOMPILE_PREFIX_HEADER = YES;
				GCC_PREFIX_HEADER = "MyApp/MyApp-Prefix.pch";
				GCC_THUMB_SUPPORT = NO;
				GCC_VERSION = "";
				INFOPLIST_FILE = "MyApp/MyApp-Info.plist";
				IPHONEOS_DEPLOYMENT_TARGET = 8.0;
				LD_RUNPATH_SEARCH_PATHS = "@executable_path/Frameworks";
				TARGETED_DEVICE_FAMILY = "1,2";
				PRODUCT_NAME = "MyApp";
				FRAMEWORK_SEARCH_PATHS = (
					"$(inherited)",
					"\"MyApp/Plugins/cordova-plugin-facebook4\"",
					"\"MyApp/Plugins/cordova-plugin-facebook4\"",
					"\"MyApp/Plugins/cordova-plugin-facebook4\"",
					"\"MyApp/Plugins/cordova-plugin-facebook4\"",
					"\"MyApp/Plugins/com.instabug.cordova.plugin\"",
				);
			};
			name = Release;
		};
		C01FCF4F08A954540054247B /* Debug */ = {
			isa = XCBuildConfiguration;
			baseConfigurationReference = 3047A5111AB8059700498E2A /* build.xcconfig */;
			buildSettings = {
				CLANG_ENABLE_MODULES = YES;
				CLANG_ENABLE_OBJC_ARC = YES;
				CLANG_WARN_BOOL_CONVERSION = YES;
				CLANG_WARN_CONSTANT_CONVERSION = YES;
				CLANG_WARN_EMPTY_BODY = YES;
				CLANG_WARN_ENUM_CONVERSION = YES;
				CLANG_WARN_INT_CONVERSION = YES;
				CLANG_WARN__DUPLICATE_METHOD_MATCH = YES;
				GCC_C_LANGUAGE_STANDARD = c99;
				GCC_THUMB_SUPPORT = NO;
				GCC_VERSION = "";
				GCC_WARN_ABOUT_RETURN_TYPE = YES;
				GCC_WARN_UNDECLARED_SELECTOR = YES;
				GCC_WARN_UNINITIALIZED_AUTOS = YES;
				GCC_WARN_UNUSED_FUNCTION = YES;
				GCC_WARN_UNUSED_VARIABLE = YES;
				ONLY_ACTIVE_ARCH = YES;
				SDKROOT = iphoneos;
				SKIP_INSTALL = NO;
				ASSETCATALOG_COMPILER_LAUNCHIMAGE_NAME = LaunchImage;
			};
			name = Debug;
		};
		C01FCF5008A954540054247B /* Release */ = {
			isa = XCBuildConfiguration;
			baseConfigurationReference = 3047A5111AB8059700498E2A /* build.xcconfig */;
			buildSettings = {
				CLANG_ENABLE_MODULES = YES;
				CLANG_ENABLE_OBJC_ARC = YES;
				CLANG_WARN_BOOL_CONVERSION = YES;
				CLANG_WARN_CONSTANT_CONVERSION = YES;
				CLANG_WARN_EMPTY_BODY = YES;
				CLANG_WARN_ENUM_CONVERSION = YES;
				CLANG_WARN_INT_CONVERSION = YES;
				CLANG_WARN__DUPLICATE_METHOD_MATCH = YES;
				GCC_C_LANGUAGE_STANDARD = c99;
				GCC_THUMB_SUPPORT = NO;
				GCC_VERSION = "";
				GCC_WARN_ABOUT_RETURN_TYPE = YES;
				GCC_WARN_UNDECLARED_SELECTOR = YES;
				GCC_WARN_UNINITIALIZED_AUTOS = YES;
				GCC_WARN_UNUSED_FUNCTION = YES;
				GCC_WARN_UNUSED_VARIABLE = YES;
				SDKROOT = iphoneos;
				SKIP_INSTALL = NO;
				ASSETCATALOG_COMPILER_LAUNCHIMAGE_NAME = LaunchImage;
			};
			name = Release;
		};
/* End XCBuildConfiguration section */

/* Begin XCConfigurationList section */
		1D6058960D05DD3E006BFB54 /* Build configuration list for PBXNativeTarget "MyApp" */ = {
			isa = XCConfigurationList;
			buildConfigurations = (
				1D6058940D05DD3E006BFB54 /* Debug */,
				1D6058950D05DD3E006BFB54 /* Release */,
			);
			defaultConfigurationIsVisible = 0;
			defaultConfigurationName = Release;
		};
		C01FCF4E08A954540054247B /* Build configuration list for PBXProject "__NON-CLI__" */ = {
			isa = XCConfigurationList;
			buildConfigurations = (
				C01FCF4F08A954540054247B /* Debug */,
				C01FCF5008A954540054247B /* Release */,
			);
			defaultConfigurationIsVisible = 0;
			defaultConfigurationName = Release;
		};
/* End XCConfigurationList section */
	};
	rootObject = 29B97313FDCFA39411CA2CEA /* Project object */;
}
